
Microsoft Visual Studio Solution File, Format Version 12.00
# Visual Studio Version 17
VisualStudioVersion = 17.13.35931.197 d17.13
MinimumVisualStudioVersion = 10.0.40219.1
Project("{FAE04EC0-301F-11D3-BF4B-00C04F79EFBC}") = "HelloCS", "HelloCS\HelloCS.csproj", "{03A67DC9-B6D3-4AC5-88A2-AF8172DE1FEF}"
EndProject
Global
	GlobalSection(SolutionConfigurationPlatforms) = preSolution
		Debug|Any CPU = Debug|Any CPU
		Release|Any CPU = Release|Any CPU
	EndGlobalSection
	GlobalSection(ProjectConfigurationPlatforms) = postSolution
		{03A67DC9-B6D3-4AC5-88A2-AF8172DE1FEF}.Debug|Any CPU.ActiveCfg = Debug|Any CPU
		{03A67DC9-B6D3-4AC5-88A2-AF8172DE1FEF}.Debug|Any CPU.Build.0 = Debug|Any CPU
		{03A67DC9-B6D3-4AC5-88A2-AF8172DE1FEF}.Release|Any CPU.ActiveCfg = Release|Any CPU
		{03A67DC9-B6D3-4AC5-88A2-AF8172DE1FEF}.Release|Any CPU.Build.0 = Release|Any CPU
	EndGlobalSection
	GlobalSection(SolutionProperties) = preSolution
		HideSolutionNode = FALSE
	EndGlobalSection
	GlobalSection(ExtensibilityGlobals) = postSolution
		SolutionGuid = {25108446-EA0B-4138-A4C1-06E469A2709D}
	EndGlobalSection
EndGlobal
